// !$*UTF8*$!
{
	archiveVersion = 1;
	classes = {
	};
	objectVersion = 56;
	objects = {

/* Begin PBXBuildFile section */
		14A0454E29F7F4C700376A17 /* SearchbarManagement.swift in Sources */ = {isa = PBXBuildFile; fileRef = 14A0454D29F7F4C700376A17 /* SearchbarManagement.swift */; };
		14A0455029F7F88C00376A17 /* SearchBarView.swift in Sources */ = {isa = PBXBuildFile; fileRef = 14A0454F29F7F88C00376A17 /* SearchBarView.swift */; };
		14A0455529F80D9000376A17 /* UserView.swift in Sources */ = {isa = PBXBuildFile; fileRef = 14A0455429F80D9000376A17 /* UserView.swift */; };
		14A1987329F9820B0095436B /* ToggleModel.swift in Sources */ = {isa = PBXBuildFile; fileRef = 14A1987229F9820B0095436B /* ToggleModel.swift */; };
		14AD46D029F620A70092A074 /* Camera_SwiftApp.swift in Sources */ = {isa = PBXBuildFile; fileRef = 14AD46CF29F620A70092A074 /* Camera_SwiftApp.swift */; };
		14AD46D229F620A70092A074 /* ContentView.swift in Sources */ = {isa = PBXBuildFile; fileRef = 14AD46D129F620A70092A074 /* ContentView.swift */; };
		14AD46D429F620A80092A074 /* Assets.xcassets in Resources */ = {isa = PBXBuildFile; fileRef = 14AD46D329F620A80092A074 /* Assets.xcassets */; };
		14AD46D729F620A80092A074 /* Preview Assets.xcassets in Resources */ = {isa = PBXBuildFile; fileRef = 14AD46D629F620A80092A074 /* Preview Assets.xcassets */; };
		14AD46DE29F621490092A074 /* ImagePicker.swift in Sources */ = {isa = PBXBuildFile; fileRef = 14AD46DD29F621490092A074 /* ImagePicker.swift */; };
		14AD46E229F62FFC0092A074 /* PhotoCaptureView.swift in Sources */ = {isa = PBXBuildFile; fileRef = 14AD46E129F62FFC0092A074 /* PhotoCaptureView.swift */; };
		14AD46E429F6A13C0092A074 /* GroceryCategory.swift in Sources */ = {isa = PBXBuildFile; fileRef = 14AD46E329F6A13C0092A074 /* GroceryCategory.swift */; };
		14AD46E829F6A2600092A074 /* GroceryView.swift in Sources */ = {isa = PBXBuildFile; fileRef = 14AD46E729F6A2600092A074 /* GroceryView.swift */; };
/* End PBXBuildFile section */

/* Begin PBXFileReference section */
		14A0454D29F7F4C700376A17 /* SearchbarManagement.swift */ = {isa = PBXFileReference; lastKnownFileType = sourcecode.swift; path = SearchbarManagement.swift; sourceTree = "<group>"; };
		14A0454F29F7F88C00376A17 /* SearchBarView.swift */ = {isa = PBXFileReference; lastKnownFileType = sourcecode.swift; path = SearchBarView.swift; sourceTree = "<group>"; };
		14A0455429F80D9000376A17 /* UserView.swift */ = {isa = PBXFileReference; lastKnownFileType = sourcecode.swift; path = UserView.swift; sourceTree = "<group>"; };
		14A1987229F9820B0095436B /* ToggleModel.swift */ = {isa = PBXFileReference; lastKnownFileType = sourcecode.swift; path = ToggleModel.swift; sourceTree = "<group>"; };
		14AD46CC29F620A70092A074 /* Camera.Swift.app */ = {isa = PBXFileReference; explicitFileType = wrapper.application; includeInIndex = 0; path = Camera.Swift.app; sourceTree = BUILT_PRODUCTS_DIR; };
		14AD46CF29F620A70092A074 /* Camera_SwiftApp.swift */ = {isa = PBXFileReference; lastKnownFileType = sourcecode.swift; path = Camera_SwiftApp.swift; sourceTree = "<group>"; };
		14AD46D129F620A70092A074 /* ContentView.swift */ = {isa = PBXFileReference; lastKnownFileType = sourcecode.swift; path = ContentView.swift; sourceTree = "<group>"; };
		14AD46D329F620A80092A074 /* Assets.xcassets */ = {isa = PBXFileReference; lastKnownFileType = folder.assetcatalog; path = Assets.xcassets; sourceTree = "<group>"; };
		14AD46D629F620A80092A074 /* Preview Assets.xcassets */ = {isa = PBXFileReference; lastKnownFileType = folder.assetcatalog; path = "Preview Assets.xcassets"; sourceTree = "<group>"; };
		14AD46DD29F621490092A074 /* ImagePicker.swift */ = {isa = PBXFileReference; lastKnownFileType = sourcecode.swift; path = ImagePicker.swift; sourceTree = "<group>"; };
		14AD46E129F62FFC0092A074 /* PhotoCaptureView.swift */ = {isa = PBXFileReference; lastKnownFileType = sourcecode.swift; path = PhotoCaptureView.swift; sourceTree = "<group>"; };
		14AD46E329F6A13C0092A074 /* GroceryCategory.swift */ = {isa = PBXFileReference; lastKnownFileType = sourcecode.swift; path = GroceryCategory.swift; sourceTree = "<group>"; };
		14AD46E729F6A2600092A074 /* GroceryView.swift */ = {isa = PBXFileReference; lastKnownFileType = sourcecode.swift; path = GroceryView.swift; sourceTree = "<group>"; };
/* End PBXFileReference section */

/* Begin PBXFrameworksBuildPhase section */
		14AD46C929F620A70092A074 /* Frameworks */ = {
			isa = PBXFrameworksBuildPhase;
			buildActionMask = 2147483647;
			files = (
			);
			runOnlyForDeploymentPostprocessing = 0;
		};
/* End PBXFrameworksBuildPhase section */

/* Begin PBXGroup section */
		14A0454C29F7F49200376A17 /* SearchBar */ = {
			isa = PBXGroup;
			children = (
				14A0454D29F7F4C700376A17 /* SearchbarManagement.swift */,
				14A0454F29F7F88C00376A17 /* SearchBarView.swift */,
			);
			path = SearchBar;
			sourceTree = "<group>";
		};
		14A0455129F80A8B00376A17 /* UserDefaults */ = {
			isa = PBXGroup;
			children = (
				14A0455429F80D9000376A17 /* UserView.swift */,
				14A1987229F9820B0095436B /* ToggleModel.swift */,
			);
			path = UserDefaults;
			sourceTree = "<group>";
		};
		14AD46C329F620A70092A074 = {
			isa = PBXGroup;
			children = (
				14AD46CE29F620A70092A074 /* Camera.Swift */,
				14AD46CD29F620A70092A074 /* Products */,
			);
			sourceTree = "<group>";
		};
		14AD46CD29F620A70092A074 /* Products */ = {
			isa = PBXGroup;
			children = (
				14AD46CC29F620A70092A074 /* Camera.Swift.app */,
			);
			name = Products;
			sourceTree = "<group>";
		};
		14AD46CE29F620A70092A074 /* Camera.Swift */ = {
			isa = PBXGroup;
			children = (
				14A0455129F80A8B00376A17 /* UserDefaults */,
				14A0454C29F7F49200376A17 /* SearchBar */,
				14AD46CF29F620A70092A074 /* Camera_SwiftApp.swift */,
				14AD46D129F620A70092A074 /* ContentView.swift */,
				14AD46D329F620A80092A074 /* Assets.xcassets */,
				14AD46D529F620A80092A074 /* Preview Content */,
				14AD46DD29F621490092A074 /* ImagePicker.swift */,
				14AD46E129F62FFC0092A074 /* PhotoCaptureView.swift */,
				14AD46E629F6A15B0092A074 /* GroupData */,
			);
			path = Camera.Swift;
			sourceTree = "<group>";
		};
		14AD46D529F620A80092A074 /* Preview Content */ = {
			isa = PBXGroup;
			children = (
				14AD46D629F620A80092A074 /* Preview Assets.xcassets */,
			);
			path = "Preview Content";
			sourceTree = "<group>";
		};
		14AD46E629F6A15B0092A074 /* GroupData */ = {
			isa = PBXGroup;
			children = (
				14AD46E329F6A13C0092A074 /* GroceryCategory.swift */,
				14AD46E729F6A2600092A074 /* GroceryView.swift */,
			);
			path = GroupData;
			sourceTree = "<group>";
		};
/* End PBXGroup section */

/* Begin PBXNativeTarget section */
		14AD46CB29F620A70092A074 /* Camera.Swift */ = {
			isa = PBXNativeTarget;
			buildConfigurationList = 14AD46DA29F620A80092A074 /* Build configuration list for PBXNativeTarget "Camera.Swift" */;
			buildPhases = (
				14AD46C829F620A70092A074 /* Sources */,
				14AD46C929F620A70092A074 /* Frameworks */,
				14AD46CA29F620A70092A074 /* Resources */,
			);
			buildRules = (
			);
			dependencies = (
			);
			name = Camera.Swift;
			productName = Camera.Swift;
			productReference = 14AD46CC29F620A70092A074 /* Camera.Swift.app */;
			productType = "com.apple.product-type.application";
		};
/* End PBXNativeTarget section */

/* Begin PBXProject section */
		14AD46C429F620A70092A074 /* Project object */ = {
			isa = PBXProject;
			attributes = {
				BuildIndependentTargetsInParallel = 1;
				LastSwiftUpdateCheck = 1420;
				LastUpgradeCheck = 1420;
				TargetAttributes = {
					14AD46CB29F620A70092A074 = {
						CreatedOnToolsVersion = 14.2;
					};
				};
			};
			buildConfigurationList = 14AD46C729F620A70092A074 /* Build configuration list for PBXProject "Camera.Swift" */;
			compatibilityVersion = "Xcode 14.0";
			developmentRegion = en;
			hasScannedForEncodings = 0;
			knownRegions = (
				en,
				Base,
			);
			mainGroup = 14AD46C329F620A70092A074;
			productRefGroup = 14AD46CD29F620A70092A074 /* Products */;
			projectDirPath = "";
			projectRoot = "";
			targets = (
				14AD46CB29F620A70092A074 /* Camera.Swift */,
			);
		};
/* End PBXProject section */

/* Begin PBXResourcesBuildPhase section */
		14AD46CA29F620A70092A074 /* Resources */ = {
			isa = PBXResourcesBuildPhase;
			buildActionMask = 2147483647;
			files = (
				14AD46D729F620A80092A074 /* Preview Assets.xcassets in Resources */,
				14AD46D429F620A80092A074 /* Assets.xcassets in Resources */,
			);
			runOnlyForDeploymentPostprocessing = 0;
		};
/* End PBXResourcesBuildPhase section */

/* Begin PBXSourcesBuildPhase section */
		14AD46C829F620A70092A074 /* Sources */ = {
			isa = PBXSourcesBuildPhase;
			buildActionMask = 2147483647;
			files = (
				14AD46DE29F621490092A074 /* ImagePicker.swift in Sources */,
				14AD46E429F6A13C0092A074 /* GroceryCategory.swift in Sources */,
				14AD46E829F6A2600092A074 /* GroceryView.swift in Sources */,
				14A0454E29F7F4C700376A17 /* SearchbarManagement.swift in Sources */,
				14A0455029F7F88C00376A17 /* SearchBarView.swift in Sources */,
				14AD46D229F620A70092A074 /* ContentView.swift in Sources */,
				14AD46E229F62FFC0092A074 /* PhotoCaptureView.swift in Sources */,
				14A0455529F80D9000376A17 /* UserView.swift in Sources */,
				14AD46D029F620A70092A074 /* Camera_SwiftApp.swift in Sources */,
				14A1987329F9820B0095436B /* ToggleModel.swift in Sources */,
			);
			runOnlyForDeploymentPostprocessing = 0;
		};
/* End PBXSourcesBuildPhase section */

/* Begin XCBuildConfiguration section */
		14AD46D829F620A80092A074 /* Debug */ = {
			isa = XCBuildConfiguration;
			buildSettings = {
				ALWAYS_SEARCH_USER_PATHS = NO;
				CLANG_ANALYZER_NONNULL = YES;
				CLANG_ANALYZER_NUMBER_OBJECT_CONVERSION = YES_AGGRESSIVE;
				CLANG_CXX_LANGUAGE_STANDARD = "gnu++20";
				CLANG_ENABLE_MODULES = YES;
				CLANG_ENABLE_OBJC_ARC = YES;
				CLANG_ENABLE_OBJC_WEAK = YES;
				CLANG_WARN_BLOCK_CAPTURE_AUTORELEASING = YES;
				CLANG_WARN_BOOL_CONVERSION = YES;
				CLANG_WARN_COMMA = YES;
				CLANG_WARN_CONSTANT_CONVERSION = YES;
				CLANG_WARN_DEPRECATED_OBJC_IMPLEMENTATIONS = YES;
				CLANG_WARN_DIRECT_OBJC_ISA_USAGE = YES_ERROR;
				CLANG_WARN_DOCUMENTATION_COMMENTS = YES;
				CLANG_WARN_EMPTY_BODY = YES;
				CLANG_WARN_ENUM_CONVERSION = YES;
				CLANG_WARN_INFINITE_RECURSION = YES;
				CLANG_WARN_INT_CONVERSION = YES;
				CLANG_WARN_NON_LITERAL_NULL_CONVERSION = YES;
				CLANG_WARN_OBJC_IMPLICIT_RETAIN_SELF = YES;
				CLANG_WARN_OBJC_LITERAL_CONVERSION = YES;
				CLANG_WARN_OBJC_ROOT_CLASS = YES_ERROR;
				CLANG_WARN_QUOTED_INCLUDE_IN_FRAMEWORK_HEADER = YES;
				CLANG_WARN_RANGE_LOOP_ANALYSIS = YES;
				CLANG_WARN_STRICT_PROTOTYPES = YES;
				CLANG_WARN_SUSPICIOUS_MOVE = YES;
				CLANG_WARN_UNGUARDED_AVAILABILITY = YES_AGGRESSIVE;
				CLANG_WARN_UNREACHABLE_CODE = YES;
				CLANG_WARN__DUPLICATE_METHOD_MATCH = YES;
				COPY_PHASE_STRIP = NO;
				DEBUG_INFORMATION_FORMAT = dwarf;
				ENABLE_STRICT_OBJC_MSGSEND = YES;
				ENABLE_TESTABILITY = YES;
				GCC_C_LANGUAGE_STANDARD = gnu11;
				GCC_DYNAMIC_NO_PIC = NO;
				GCC_NO_COMMON_BLOCKS = YES;
				GCC_OPTIMIZATION_LEVEL = 0;
				GCC_PREPROCESSOR_DEFINITIONS = (
					"DEBUG=1",
					"$(inherited)",
				);
				GCC_WARN_64_TO_32_BIT_CONVERSION = YES;
				GCC_WARN_ABOUT_RETURN_TYPE = YES_ERROR;
				GCC_WARN_UNDECLARED_SELECTOR = YES;
				GCC_WARN_UNINITIALIZED_AUTOS = YES_AGGRESSIVE;
				GCC_WARN_UNUSED_FUNCTION = YES;
				GCC_WARN_UNUSED_VARIABLE = YES;
				IPHONEOS_DEPLOYMENT_TARGET = 16.2;
				MTL_ENABLE_DEBUG_INFO = INCLUDE_SOURCE;
				MTL_FAST_MATH = YES;
				ONLY_ACTIVE_ARCH = YES;
				SDKROOT = iphoneos;
				SWIFT_ACTIVE_COMPILATION_CONDITIONS = DEBUG;
				SWIFT_OPTIMIZATION_LEVEL = "-Onone";
			};
			name = Debug;
		};
		14AD46D929F620A80092A074 /* Release */ = {
			isa = XCBuildConfiguration;
			buildSettings = {
				ALWAYS_SEARCH_USER_PATHS = NO;
				CLANG_ANALYZER_NONNULL = YES;
				CLANG_ANALYZER_NUMBER_OBJECT_CONVERSION = YES_AGGRESSIVE;
				CLANG_CXX_LANGUAGE_STANDARD = "gnu++20";
				CLANG_ENABLE_MODULES = YES;
				CLANG_ENABLE_OBJC_ARC = YES;
				CLANG_ENABLE_OBJC_WEAK = YES;
				CLANG_WARN_BLOCK_CAPTURE_AUTORELEASING = YES;
				CLANG_WARN_BOOL_CONVERSION = YES;
				CLANG_WARN_COMMA = YES;
				CLANG_WARN_CONSTANT_CONVERSION = YES;
				CLANG_WARN_DEPRECATED_OBJC_IMPLEMENTATIONS = YES;
				CLANG_WARN_DIRECT_OBJC_ISA_USAGE = YES_ERROR;
				CLANG_WARN_DOCUMENTATION_COMMENTS = YES;
				CLANG_WARN_EMPTY_BODY = YES;
				CLANG_WARN_ENUM_CONVERSION = YES;
				CLANG_WARN_INFINITE_RECURSION = YES;
				CLANG_WARN_INT_CONVERSION = YES;
				CLANG_WARN_NON_LITERAL_NULL_CONVERSION = YES;
				CLANG_WARN_OBJC_IMPLICIT_RETAIN_SELF = YES;
				CLANG_WARN_OBJC_LITERAL_CONVERSION = YES;
				CLANG_WARN_OBJC_ROOT_CLASS = YES_ERROR;
				CLANG_WARN_QUOTED_INCLUDE_IN_FRAMEWORK_HEADER = YES;
				CLANG_WARN_RANGE_LOOP_ANALYSIS = YES;
				CLANG_WARN_STRICT_PROTOTYPES = YES;
				CLANG_WARN_SUSPICIOUS_MOVE = YES;
				CLANG_WARN_UNGUARDED_AVAILABILITY = YES_AGGRESSIVE;
				CLANG_WARN_UNREACHABLE_CODE = YES;
				CLANG_WARN__DUPLICATE_METHOD_MATCH = YES;
				COPY_PHASE_STRIP = NO;
				DEBUG_INFORMATION_FORMAT = "dwarf-with-dsym";
				ENABLE_NS_ASSERTIONS = NO;
				ENABLE_STRICT_OBJC_MSGSEND = YES;
				GCC_C_LANGUAGE_STANDARD = gnu11;
				GCC_NO_COMMON_BLOCKS = YES;
				GCC_WARN_64_TO_32_BIT_CONVERSION = YES;
				GCC_WARN_ABOUT_RETURN_TYPE = YES_ERROR;
				GCC_WARN_UNDECLARED_SELECTOR = YES;
				GCC_WARN_UNINITIALIZED_AUTOS = YES_AGGRESSIVE;
				GCC_WARN_UNUSED_FUNCTION = YES;
				GCC_WARN_UNUSED_VARIABLE = YES;
				IPHONEOS_DEPLOYMENT_TARGET = 16.2;
				MTL_ENABLE_DEBUG_INFO = NO;
				MTL_FAST_MATH = YES;
				SDKROOT = iphoneos;
				SWIFT_COMPILATION_MODE = wholemodule;
				SWIFT_OPTIMIZATION_LEVEL = "-O";
				VALIDATE_PRODUCT = YES;
			};
			name = Release;
		};
		14AD46DB29F620A80092A074 /* Debug */ = {
			isa = XCBuildConfiguration;
			buildSettings = {
				ASSETCATALOG_COMPILER_APPICON_NAME = AppIcon;
				ASSETCATALOG_COMPILER_GLOBAL_ACCENT_COLOR_NAME = AccentColor;
				CODE_SIGN_STYLE = Automatic;
				CURRENT_PROJECT_VERSION = 1;
				DEVELOPMENT_ASSET_PATHS = "\"Camera.Swift/Preview Content\"";
				DEVELOPMENT_TEAM = Q247WY3MHA;
				ENABLE_PREVIEWS = YES;
				GENERATE_INFOPLIST_FILE = YES;
				INFOPLIST_KEY_UIApplicationSceneManifest_Generation = YES;
				INFOPLIST_KEY_UIApplicationSupportsIndirectInputEvents = YES;
				INFOPLIST_KEY_UILaunchScreen_Generation = YES;
				INFOPLIST_KEY_UISupportedInterfaceOrientations_iPad = "UIInterfaceOrientationPortrait UIInterfaceOrientationPortraitUpsideDown UIInterfaceOrientationLandscapeLeft UIInterfaceOrientationLandscapeRight";
				INFOPLIST_KEY_UISupportedInterfaceOrientations_iPhone = "UIInterfaceOrientationPortrait UIInterfaceOrientationLandscapeLeft UIInterfaceOrientationLandscapeRight";
				LD_RUNPATH_SEARCH_PATHS = (
					"$(inherited)",
					"@executable_path/Frameworks",
				);
				MARKETING_VERSION = 1.0;
				PRODUCT_BUNDLE_IDENTIFIER = "com.salmdo.Camera-Swift";
				PRODUCT_NAME = "$(TARGET_NAME)";
				SWIFT_EMIT_LOC_STRINGS = YES;
				SWIFT_VERSION = 5.0;
				TARGETED_DEVICE_FAMILY = "1,2";
			};
			name = Debug;
		};
		14AD46DC29F620A80092A074 /* Release */ = {
			isa = XCBuildConfiguration;
			buildSettings = {
				ASSETCATALOG_COMPILER_APPICON_NAME = AppIcon;
				ASSETCATALOG_COMPILER_GLOBAL_ACCENT_COLOR_NAME = AccentColor;
				CODE_SIGN_STYLE = Automatic;
				CURRENT_PROJECT_VERSION = 1;
				DEVELOPMENT_ASSET_PATHS = "\"Camera.Swift/Preview Content\"";
				DEVELOPMENT_TEAM = Q247WY3MHA;
				ENABLE_PREVIEWS = YES;
				GENERATE_INFOPLIST_FILE = YES;
				INFOPLIST_KEY_UIApplicationSceneManifest_Generation = YES;
				INFOPLIST_KEY_UIApplicationSupportsIndirectInputEvents = YES;
				INFOPLIST_KEY_UILaunchScreen_Generation = YES;
				INFOPLIST_KEY_UISupportedInterfaceOrientations_iPad = "UIInterfaceOrientationPortrait UIInterfaceOrientationPortraitUpsideDown UIInterfaceOrientationLandscapeLeft UIInterfaceOrientationLandscapeRight";
				INFOPLIST_KEY_UISupportedInterfaceOrientations_iPhone = "UIInterfaceOrientationPortrait UIInterfaceOrientationLandscapeLeft UIInterfaceOrientationLandscapeRight";
				LD_RUNPATH_SEARCH_PATHS = (
					"$(inherited)",
					"@executable_path/Frameworks",
				);
				MARKETING_VERSION = 1.0;
				PRODUCT_BUNDLE_IDENTIFIER = "com.salmdo.Camera-Swift";
				PRODUCT_NAME = "$(TARGET_NAME)";
				SWIFT_EMIT_LOC_STRINGS = YES;
				SWIFT_VERSION = 5.0;
				TARGETED_DEVICE_FAMILY = "1,2";
			};
			name = Release;
		};
/* End XCBuildConfiguration section */

/* Begin XCConfigurationList section */
		14AD46C729F620A70092A074 /* Build configuration list for PBXProject "Camera.Swift" */ = {
			isa = XCConfigurationList;
			buildConfigurations = (
				14AD46D829F620A80092A074 /* Debug */,
				14AD46D929F620A80092A074 /* Release */,
			);
			defaultConfigurationIsVisible = 0;
			defaultConfigurationName = Release;
		};
		14AD46DA29F620A80092A074 /* Build configuration list for PBXNativeTarget "Camera.Swift" */ = {
			isa = XCConfigurationList;
			buildConfigurations = (
				14AD46DB29F620A80092A074 /* Debug */,
				14AD46DC29F620A80092A074 /* Release */,
			);
			defaultConfigurationIsVisible = 0;
			defaultConfigurationName = Release;
		};
/* End XCConfigurationList section */
	};
	rootObject = 14AD46C429F620A70092A074 /* Project object */;
}
